
Microsoft Visual Studio Solution File, Format Version 12.00
# Visual Studio 15
VisualStudioVersion = 15.0.27004.2008
MinimumVisualStudioVersion = 10.0.40219.1
Project("{9A19103F-16F7-4668-BE54-9A1E7A4F7556}") = "WeatherFunction", "WeatherFunction\WeatherFunction.csproj", "{A727B90D-1843-4AE0-B693-82B01632ABB5}"
EndProject
Project("{151D2E53-A2C4-4D7D-83FE-D05416EBD58E}") = "Azure.Templates", "Azure.Templates\Azure.Templates.deployproj", "{EC820100-4D79-473E-BA82-4CF43356A456}"
EndProject
Project("{FAE04EC0-301F-11D3-BF4B-00C04F79EFBC}") = "NameFunction", "NameFunction\NameFunction.csproj", "{EDF76836-52BA-45D6-9D6B-09C92A24E2B6}"
EndProject
Global
	GlobalSection(SolutionConfigurationPlatforms) = preSolution
		Debug|Any CPU = Debug|Any CPU
		Release|Any CPU = Release|Any CPU
	EndGlobalSection
	GlobalSection(ProjectConfigurationPlatforms) = postSolution
		{A727B90D-1843-4AE0-B693-82B01632ABB5}.Debug|Any CPU.ActiveCfg = Debug|Any CPU
		{A727B90D-1843-4AE0-B693-82B01632ABB5}.Debug|Any CPU.Build.0 = Debug|Any CPU
		{A727B90D-1843-4AE0-B693-82B01632ABB5}.Release|Any CPU.ActiveCfg = Release|Any CPU
		{A727B90D-1843-4AE0-B693-82B01632ABB5}.Release|Any CPU.Build.0 = Release|Any CPU
		{EC820100-4D79-473E-BA82-4CF43356A456}.Debug|Any CPU.ActiveCfg = Debug|Any CPU
		{EC820100-4D79-473E-BA82-4CF43356A456}.Debug|Any CPU.Build.0 = Debug|Any CPU
		{EC820100-4D79-473E-BA82-4CF43356A456}.Release|Any CPU.ActiveCfg = Release|Any CPU
		{EC820100-4D79-473E-BA82-4CF43356A456}.Release|Any CPU.Build.0 = Release|Any CPU
		{EDF76836-52BA-45D6-9D6B-09C92A24E2B6}.Debug|Any CPU.ActiveCfg = Debug|Any CPU
		{EDF76836-52BA-45D6-9D6B-09C92A24E2B6}.Debug|Any CPU.Build.0 = Debug|Any CPU
		{EDF76836-52BA-45D6-9D6B-09C92A24E2B6}.Release|Any CPU.ActiveCfg = Release|Any CPU
		{EDF76836-52BA-45D6-9D6B-09C92A24E2B6}.Release|Any CPU.Build.0 = Release|Any CPU
	EndGlobalSection
	GlobalSection(SolutionProperties) = preSolution
		HideSolutionNode = FALSE
	EndGlobalSection
	GlobalSection(ExtensibilityGlobals) = postSolution
		SolutionGuid = {DD81B7D6-952F-488D-9068-E3908A377A4A}
	EndGlobalSection
EndGlobal
